// !$*UTF8*$!
{
	archiveVersion = 1;
	classes = {
	};
	objectVersion = 46;
	objects = {

/* Begin PBXBuildFile section */
		0A12BC631F2E83120023318A /* GEOffersDataSource.m in Sources */ = {isa = PBXBuildFile; fileRef = 0A12BC621F2E83120023318A /* GEOffersDataSource.m */; };
		0A12BC661F2E838C0023318A /* GEOffer.m in Sources */ = {isa = PBXBuildFile; fileRef = 0A12BC651F2E838C0023318A /* GEOffer.m */; };
		0A12BC6A1F2E84260023318A /* NSObject+GESafeKVC.m in Sources */ = {isa = PBXBuildFile; fileRef = 0A12BC691F2E84260023318A /* NSObject+GESafeKVC.m */; };
		0A12BC6D1F2E858B0023318A /* GEOfferContainer.m in Sources */ = {isa = PBXBuildFile; fileRef = 0A12BC6C1F2E858B0023318A /* GEOfferContainer.m */; };
		0A12BC711F2E86B40023318A /* GERequestManager.m in Sources */ = {isa = PBXBuildFile; fileRef = 0A12BC701F2E86B40023318A /* GERequestManager.m */; };
		0A12BC791F2EA7DC0023318A /* GEOfferCell.m in Sources */ = {isa = PBXBuildFile; fileRef = 0A12BC781F2EA7DC0023318A /* GEOfferCell.m */; };
		0A2219741F2F8E8000DA7988 /* GEOfferDetailsViewController.swift in Sources */ = {isa = PBXBuildFile; fileRef = 0A2219731F2F8E8000DA7988 /* GEOfferDetailsViewController.swift */; };
		0A4545D01F2E7B85009B8685 /* GETransitTableControllerTableViewController.swift in Sources */ = {isa = PBXBuildFile; fileRef = 0A4545CF1F2E7B85009B8685 /* GETransitTableControllerTableViewController.swift */; };
		0A4545D21F2E7C5A009B8685 /* GETransportSelectViewController.swift in Sources */ = {isa = PBXBuildFile; fileRef = 0A4545D11F2E7C5A009B8685 /* GETransportSelectViewController.swift */; };
		0A6B9E291F2F74D000944AA7 /* GESortViewController.swift in Sources */ = {isa = PBXBuildFile; fileRef = 0A6B9E281F2F74D000944AA7 /* GESortViewController.swift */; };
		0AAB41101F2F6843000046DF /* GEDirectionViewController.swift in Sources */ = {isa = PBXBuildFile; fileRef = 0AAB410F1F2F6843000046DF /* GEDirectionViewController.swift */; };
		0AAB41131F2F6A1A000046DF /* GEDirection.m in Sources */ = {isa = PBXBuildFile; fileRef = 0AAB41121F2F6A1A000046DF /* GEDirection.m */; };
		0AB510481F2E70350025B589 /* main.m in Sources */ = {isa = PBXBuildFile; fileRef = 0AB510471F2E70350025B589 /* main.m */; };
		0AB5104B1F2E70350025B589 /* GEAppDelegate.m in Sources */ = {isa = PBXBuildFile; fileRef = 0AB5104A1F2E70350025B589 /* GEAppDelegate.m */; };
		0AB510511F2E70350025B589 /* Main.storyboard in Resources */ = {isa = PBXBuildFile; fileRef = 0AB5104F1F2E70350025B589 /* Main.storyboard */; };
		0AB510531F2E70350025B589 /* Assets.xcassets in Resources */ = {isa = PBXBuildFile; fileRef = 0AB510521F2E70350025B589 /* Assets.xcassets */; };
		0AB510561F2E70350025B589 /* LaunchScreen.storyboard in Resources */ = {isa = PBXBuildFile; fileRef = 0AB510541F2E70350025B589 /* LaunchScreen.storyboard */; };
		F85BABB6C3F094BBC4022ECA /* Pods_GoEuro.framework in Frameworks */ = {isa = PBXBuildFile; fileRef = C3823DE623CCC8068EEE29A3 /* Pods_GoEuro.framework */; };
/* End PBXBuildFile section */

/* Begin PBXFileReference section */
		0A12BC611F2E83120023318A /* GEOffersDataSource.h */ = {isa = PBXFileReference; lastKnownFileType = sourcecode.c.h; path = GEOffersDataSource.h; sourceTree = "<group>"; };
		0A12BC621F2E83120023318A /* GEOffersDataSource.m */ = {isa = PBXFileReference; lastKnownFileType = sourcecode.c.objc; path = GEOffersDataSource.m; sourceTree = "<group>"; };
		0A12BC641F2E838C0023318A /* GEOffer.h */ = {isa = PBXFileReference; lastKnownFileType = sourcecode.c.h; path = GEOffer.h; sourceTree = "<group>"; };
		0A12BC651F2E838C0023318A /* GEOffer.m */ = {isa = PBXFileReference; lastKnownFileType = sourcecode.c.objc; path = GEOffer.m; sourceTree = "<group>"; };
		0A12BC691F2E84260023318A /* NSObject+GESafeKVC.m */ = {isa = PBXFileReference; fileEncoding = 4; lastKnownFileType = sourcecode.c.objc; path = "NSObject+GESafeKVC.m"; sourceTree = "<group>"; };
		0A12BC6B1F2E858B0023318A /* GEOfferContainer.h */ = {isa = PBXFileReference; lastKnownFileType = sourcecode.c.h; path = GEOfferContainer.h; sourceTree = "<group>"; };
		0A12BC6C1F2E858B0023318A /* GEOfferContainer.m */ = {isa = PBXFileReference; lastKnownFileType = sourcecode.c.objc; path = GEOfferContainer.m; sourceTree = "<group>"; };
		0A12BC6F1F2E86B40023318A /* GERequestManager.h */ = {isa = PBXFileReference; lastKnownFileType = sourcecode.c.h; path = GERequestManager.h; sourceTree = "<group>"; };
		0A12BC701F2E86B40023318A /* GERequestManager.m */ = {isa = PBXFileReference; lastKnownFileType = sourcecode.c.objc; path = GERequestManager.m; sourceTree = "<group>"; };
		0A12BC721F2EA0040023318A /* NSObject+GESafeKVC.h */ = {isa = PBXFileReference; lastKnownFileType = sourcecode.c.h; path = "NSObject+GESafeKVC.h"; sourceTree = "<group>"; };
		0A12BC771F2EA7DC0023318A /* GEOfferCell.h */ = {isa = PBXFileReference; lastKnownFileType = sourcecode.c.h; path = GEOfferCell.h; sourceTree = "<group>"; };
		0A12BC781F2EA7DC0023318A /* GEOfferCell.m */ = {isa = PBXFileReference; lastKnownFileType = sourcecode.c.objc; path = GEOfferCell.m; sourceTree = "<group>"; };
		0A2219731F2F8E8000DA7988 /* GEOfferDetailsViewController.swift */ = {isa = PBXFileReference; lastKnownFileType = sourcecode.swift; path = GEOfferDetailsViewController.swift; sourceTree = "<group>"; };
		0A4545CE1F2E7B85009B8685 /* GoEuro-Bridging-Header.h */ = {isa = PBXFileReference; lastKnownFileType = sourcecode.c.h; name = "GoEuro-Bridging-Header.h"; path = "ViewControllers/GoEuro-Bridging-Header.h"; sourceTree = "<group>"; };
		0A4545CF1F2E7B85009B8685 /* GETransitTableControllerTableViewController.swift */ = {isa = PBXFileReference; fileEncoding = 4; lastKnownFileType = sourcecode.swift; path = GETransitTableControllerTableViewController.swift; sourceTree = "<group>"; };
		0A4545D11F2E7C5A009B8685 /* GETransportSelectViewController.swift */ = {isa = PBXFileReference; fileEncoding = 4; lastKnownFileType = sourcecode.swift; path = GETransportSelectViewController.swift; sourceTree = "<group>"; };
		0A6B9E281F2F74D000944AA7 /* GESortViewController.swift */ = {isa = PBXFileReference; lastKnownFileType = sourcecode.swift; path = GESortViewController.swift; sourceTree = "<group>"; };
		0AAB410E1F2F66B2000046DF /* GEOfferType.h */ = {isa = PBXFileReference; lastKnownFileType = sourcecode.c.h; path = GEOfferType.h; sourceTree = "<group>"; };
		0AAB410F1F2F6843000046DF /* GEDirectionViewController.swift */ = {isa = PBXFileReference; lastKnownFileType = sourcecode.swift; path = GEDirectionViewController.swift; sourceTree = "<group>"; };
		0AAB41111F2F6A1A000046DF /* GEDirection.h */ = {isa = PBXFileReference; lastKnownFileType = sourcecode.c.h; path = GEDirection.h; sourceTree = "<group>"; };
		0AAB41121F2F6A1A000046DF /* GEDirection.m */ = {isa = PBXFileReference; lastKnownFileType = sourcecode.c.objc; path = GEDirection.m; sourceTree = "<group>"; };
		0AB510431F2E70350025B589 /* GoEuro.app */ = {isa = PBXFileReference; explicitFileType = wrapper.application; includeInIndex = 0; path = GoEuro.app; sourceTree = BUILT_PRODUCTS_DIR; };
		0AB510471F2E70350025B589 /* main.m */ = {isa = PBXFileReference; lastKnownFileType = sourcecode.c.objc; path = main.m; sourceTree = "<group>"; };
		0AB510491F2E70350025B589 /* GEAppDelegate.h */ = {isa = PBXFileReference; lastKnownFileType = sourcecode.c.h; path = GEAppDelegate.h; sourceTree = "<group>"; };
		0AB5104A1F2E70350025B589 /* GEAppDelegate.m */ = {isa = PBXFileReference; lastKnownFileType = sourcecode.c.objc; path = GEAppDelegate.m; sourceTree = "<group>"; };
		0AB510501F2E70350025B589 /* Base */ = {isa = PBXFileReference; lastKnownFileType = file.storyboard; name = Base; path = Base.lproj/Main.storyboard; sourceTree = "<group>"; };
		0AB510521F2E70350025B589 /* Assets.xcassets */ = {isa = PBXFileReference; lastKnownFileType = folder.assetcatalog; path = Assets.xcassets; sourceTree = "<group>"; };
		0AB510551F2E70350025B589 /* Base */ = {isa = PBXFileReference; lastKnownFileType = file.storyboard; name = Base; path = Base.lproj/LaunchScreen.storyboard; sourceTree = "<group>"; };
		0AB510571F2E70350025B589 /* Info.plist */ = {isa = PBXFileReference; lastKnownFileType = text.plist.xml; path = Info.plist; sourceTree = "<group>"; };
		5F3C7757DF656D8E5AB6144B /* Pods-GoEuro.release.xcconfig */ = {isa = PBXFileReference; includeInIndex = 1; lastKnownFileType = text.xcconfig; name = "Pods-GoEuro.release.xcconfig"; path = "Pods/Target Support Files/Pods-GoEuro/Pods-GoEuro.release.xcconfig"; sourceTree = "<group>"; };
		86FC3E823DE85702FBA47C3E /* Pods-GoEuro.debug.xcconfig */ = {isa = PBXFileReference; includeInIndex = 1; lastKnownFileType = text.xcconfig; name = "Pods-GoEuro.debug.xcconfig"; path = "Pods/Target Support Files/Pods-GoEuro/Pods-GoEuro.debug.xcconfig"; sourceTree = "<group>"; };
		C3823DE623CCC8068EEE29A3 /* Pods_GoEuro.framework */ = {isa = PBXFileReference; explicitFileType = wrapper.framework; includeInIndex = 0; path = Pods_GoEuro.framework; sourceTree = BUILT_PRODUCTS_DIR; };
/* End PBXFileReference section */

/* Begin PBXFrameworksBuildPhase section */
		0AB510401F2E70350025B589 /* Frameworks */ = {
			isa = PBXFrameworksBuildPhase;
			buildActionMask = 2147483647;
			files = (
				F85BABB6C3F094BBC4022ECA /* Pods_GoEuro.framework in Frameworks */,
			);
			runOnlyForDeploymentPostprocessing = 0;
		};
/* End PBXFrameworksBuildPhase section */

/* Begin PBXGroup section */
		0A12BC601F2E826D0023318A /* TableSupport */ = {
			isa = PBXGroup;
			children = (
				0A12BC611F2E83120023318A /* GEOffersDataSource.h */,
				0A12BC621F2E83120023318A /* GEOffersDataSource.m */,
			);
			path = TableSupport;
			sourceTree = "<group>";
		};
		0A12BC671F2E84170023318A /* Helpers */ = {
			isa = PBXGroup;
			children = (
				0A12BC721F2EA0040023318A /* NSObject+GESafeKVC.h */,
				0A12BC691F2E84260023318A /* NSObject+GESafeKVC.m */,
			);
			path = Helpers;
			sourceTree = "<group>";
		};
		0A12BC6E1F2E85AD0023318A /* Network */ = {
			isa = PBXGroup;
			children = (
				0A12BC6F1F2E86B40023318A /* GERequestManager.h */,
				0A12BC701F2E86B40023318A /* GERequestManager.m */,
			);
			path = Network;
			sourceTree = "<group>";
		};
		0A12BC731F2EA7A70023318A /* Views */ = {
			isa = PBXGroup;
			children = (
				0A12BC771F2EA7DC0023318A /* GEOfferCell.h */,
				0A12BC781F2EA7DC0023318A /* GEOfferCell.m */,
			);
			path = Views;
			sourceTree = "<group>";
		};
		0A4545C91F2E733A009B8685 /* ViewControllers */ = {
			isa = PBXGroup;
			children = (
				0A4545CF1F2E7B85009B8685 /* GETransitTableControllerTableViewController.swift */,
				0A4545D11F2E7C5A009B8685 /* GETransportSelectViewController.swift */,
				0AAB410F1F2F6843000046DF /* GEDirectionViewController.swift */,
				0A6B9E281F2F74D000944AA7 /* GESortViewController.swift */,
				0A2219731F2F8E8000DA7988 /* GEOfferDetailsViewController.swift */,
			);
			path = ViewControllers;
			sourceTree = "<group>";
		};
		0A4545CD1F2E73B5009B8685 /* Model */ = {
			isa = PBXGroup;
			children = (
				0A12BC641F2E838C0023318A /* GEOffer.h */,
				0A12BC651F2E838C0023318A /* GEOffer.m */,
				0A12BC6B1F2E858B0023318A /* GEOfferContainer.h */,
				0A12BC6C1F2E858B0023318A /* GEOfferContainer.m */,
				0AAB410E1F2F66B2000046DF /* GEOfferType.h */,
				0AAB41111F2F6A1A000046DF /* GEDirection.h */,
				0AAB41121F2F6A1A000046DF /* GEDirection.m */,
			);
			path = Model;
			sourceTree = "<group>";
		};
		0AB5103A1F2E70350025B589 = {
			isa = PBXGroup;
			children = (
				0AB510451F2E70350025B589 /* GoEuro */,
				0AB510441F2E70350025B589 /* Products */,
				1AD2F761C4EB0051A7BAB8BB /* Pods */,
				B54DF385761F0E2F5C98FF9D /* Frameworks */,
			);
			sourceTree = "<group>";
		};
		0AB510441F2E70350025B589 /* Products */ = {
			isa = PBXGroup;
			children = (
				0AB510431F2E70350025B589 /* GoEuro.app */,
			);
			name = Products;
			sourceTree = "<group>";
		};
		0AB510451F2E70350025B589 /* GoEuro */ = {
			isa = PBXGroup;
			children = (
				0A12BC731F2EA7A70023318A /* Views */,
				0A12BC6E1F2E85AD0023318A /* Network */,
				0A12BC671F2E84170023318A /* Helpers */,
				0A12BC601F2E826D0023318A /* TableSupport */,
				0A4545CD1F2E73B5009B8685 /* Model */,
				0A4545C91F2E733A009B8685 /* ViewControllers */,
				0AB510491F2E70350025B589 /* GEAppDelegate.h */,
				0AB5104A1F2E70350025B589 /* GEAppDelegate.m */,
				0AB5104F1F2E70350025B589 /* Main.storyboard */,
				0AB510521F2E70350025B589 /* Assets.xcassets */,
				0AB510541F2E70350025B589 /* LaunchScreen.storyboard */,
				0AB510571F2E70350025B589 /* Info.plist */,
				0AB510461F2E70350025B589 /* Supporting Files */,
			);
			path = GoEuro;
			sourceTree = "<group>";
		};
		0AB510461F2E70350025B589 /* Supporting Files */ = {
			isa = PBXGroup;
			children = (
				0A4545CE1F2E7B85009B8685 /* GoEuro-Bridging-Header.h */,
				0AB510471F2E70350025B589 /* main.m */,
			);
			name = "Supporting Files";
			sourceTree = "<group>";
		};
		1AD2F761C4EB0051A7BAB8BB /* Pods */ = {
			isa = PBXGroup;
			children = (
				86FC3E823DE85702FBA47C3E /* Pods-GoEuro.debug.xcconfig */,
				5F3C7757DF656D8E5AB6144B /* Pods-GoEuro.release.xcconfig */,
			);
			name = Pods;
			sourceTree = "<group>";
		};
		B54DF385761F0E2F5C98FF9D /* Frameworks */ = {
			isa = PBXGroup;
			children = (
				C3823DE623CCC8068EEE29A3 /* Pods_GoEuro.framework */,
			);
			name = Frameworks;
			sourceTree = "<group>";
		};
/* End PBXGroup section */

/* Begin PBXNativeTarget section */
		0AB510421F2E70350025B589 /* GoEuro */ = {
			isa = PBXNativeTarget;
			buildConfigurationList = 0AB5105A1F2E70350025B589 /* Build configuration list for PBXNativeTarget "GoEuro" */;
			buildPhases = (
				471E45E7D3DE825FB38A77A8 /* [CP] Check Pods Manifest.lock */,
				0AB5103F1F2E70350025B589 /* Sources */,
				0AB510401F2E70350025B589 /* Frameworks */,
				0AB510411F2E70350025B589 /* Resources */,
				588FFFF6F29FC4F6113E9338 /* [CP] Embed Pods Frameworks */,
				628B29C41A12CC777CF4FCA3 /* [CP] Copy Pods Resources */,
			);
			buildRules = (
			);
			dependencies = (
			);
			name = GoEuro;
			productName = GoEuro;
			productReference = 0AB510431F2E70350025B589 /* GoEuro.app */;
			productType = "com.apple.product-type.application";
		};
/* End PBXNativeTarget section */

/* Begin PBXProject section */
		0AB5103B1F2E70350025B589 /* Project object */ = {
			isa = PBXProject;
			attributes = {
				CLASSPREFIX = GE;
				LastUpgradeCheck = 0900;
				ORGANIZATIONNAME = "Dmitry Osipa";
				TargetAttributes = {
					0AB510421F2E70350025B589 = {
						CreatedOnToolsVersion = 8.3.3;
						DevelopmentTeam = 2VQ32E4N43;
						LastSwiftMigration = 0830;
						ProvisioningStyle = Automatic;
					};
				};
			};
			buildConfigurationList = 0AB5103E1F2E70350025B589 /* Build configuration list for PBXProject "GoEuro" */;
			compatibilityVersion = "Xcode 3.2";
			developmentRegion = English;
			hasScannedForEncodings = 0;
			knownRegions = (
				en,
				Base,
			);
			mainGroup = 0AB5103A1F2E70350025B589;
			productRefGroup = 0AB510441F2E70350025B589 /* Products */;
			projectDirPath = "";
			projectRoot = "";
			targets = (
				0AB510421F2E70350025B589 /* GoEuro */,
			);
		};
/* End PBXProject section */

/* Begin PBXResourcesBuildPhase section */
		0AB510411F2E70350025B589 /* Resources */ = {
			isa = PBXResourcesBuildPhase;
			buildActionMask = 2147483647;
			files = (
				0AB510561F2E70350025B589 /* LaunchScreen.storyboard in Resources */,
				0AB510531F2E70350025B589 /* Assets.xcassets in Resources */,
				0AB510511F2E70350025B589 /* Main.storyboard in Resources */,
			);
			runOnlyForDeploymentPostprocessing = 0;
		};
/* End PBXResourcesBuildPhase section */

/* Begin PBXShellScriptBuildPhase section */
		471E45E7D3DE825FB38A77A8 /* [CP] Check Pods Manifest.lock */ = {
			isa = PBXShellScriptBuildPhase;
			buildActionMask = 2147483647;
			files = (
			);
			inputPaths = (
			);
			name = "[CP] Check Pods Manifest.lock";
			outputPaths = (
			);
			runOnlyForDeploymentPostprocessing = 0;
			shellPath = /bin/sh;
			shellScript = "diff \"${PODS_ROOT}/../Podfile.lock\" \"${PODS_ROOT}/Manifest.lock\" > /dev/null\nif [ $? != 0 ] ; then\n    # print error to STDERR\n    echo \"error: The sandbox is not in sync with the Podfile.lock. Run 'pod install' or update your CocoaPods installation.\" >&2\n    exit 1\nfi\n";
			showEnvVarsInLog = 0;
		};
		588FFFF6F29FC4F6113E9338 /* [CP] Embed Pods Frameworks */ = {
			isa = PBXShellScriptBuildPhase;
			buildActionMask = 2147483647;
			files = (
			);
			inputPaths = (
			);
			name = "[CP] Embed Pods Frameworks";
			outputPaths = (
			);
			runOnlyForDeploymentPostprocessing = 0;
			shellPath = /bin/sh;
			shellScript = "\"${SRCROOT}/Pods/Target Support Files/Pods-GoEuro/Pods-GoEuro-frameworks.sh\"\n";
			showEnvVarsInLog = 0;
		};
		628B29C41A12CC777CF4FCA3 /* [CP] Copy Pods Resources */ = {
			isa = PBXShellScriptBuildPhase;
			buildActionMask = 2147483647;
			files = (
			);
			inputPaths = (
			);
			name = "[CP] Copy Pods Resources";
			outputPaths = (
			);
			runOnlyForDeploymentPostprocessing = 0;
			shellPath = /bin/sh;
			shellScript = "\"${SRCROOT}/Pods/Target Support Files/Pods-GoEuro/Pods-GoEuro-resources.sh\"\n";
			showEnvVarsInLog = 0;
		};
/* End PBXShellScriptBuildPhase section */

/* Begin PBXSourcesBuildPhase section */
		0AB5103F1F2E70350025B589 /* Sources */ = {
			isa = PBXSourcesBuildPhase;
			buildActionMask = 2147483647;
			files = (
				0A12BC791F2EA7DC0023318A /* GEOfferCell.m in Sources */,
				0A12BC661F2E838C0023318A /* GEOffer.m in Sources */,
				0AAB41101F2F6843000046DF /* GEDirectionViewController.swift in Sources */,
				0A12BC711F2E86B40023318A /* GERequestManager.m in Sources */,
				0A2219741F2F8E8000DA7988 /* GEOfferDetailsViewController.swift in Sources */,
				0A4545D21F2E7C5A009B8685 /* GETransportSelectViewController.swift in Sources */,
				0AB5104B1F2E70350025B589 /* GEAppDelegate.m in Sources */,
				0A12BC6A1F2E84260023318A /* NSObject+GESafeKVC.m in Sources */,
				0A4545D01F2E7B85009B8685 /* GETransitTableControllerTableViewController.swift in Sources */,
				0A6B9E291F2F74D000944AA7 /* GESortViewController.swift in Sources */,
				0A12BC631F2E83120023318A /* GEOffersDataSource.m in Sources */,
				0AAB41131F2F6A1A000046DF /* GEDirection.m in Sources */,
				0A12BC6D1F2E858B0023318A /* GEOfferContainer.m in Sources */,
				0AB510481F2E70350025B589 /* main.m in Sources */,
			);
			runOnlyForDeploymentPostprocessing = 0;
		};
/* End PBXSourcesBuildPhase section */

/* Begin PBXVariantGroup section */
		0AB5104F1F2E70350025B589 /* Main.storyboard */ = {
			isa = PBXVariantGroup;
			children = (
				0AB510501F2E70350025B589 /* Base */,
			);
			name = Main.storyboard;
			sourceTree = "<group>";
		};
		0AB510541F2E70350025B589 /* LaunchScreen.storyboard */ = {
			isa = PBXVariantGroup;
			children = (
				0AB510551F2E70350025B589 /* Base */,
			);
			name = LaunchScreen.storyboard;
			sourceTree = "<group>";
		};
/* End PBXVariantGroup section */

/* Begin XCBuildConfiguration section */
		0AB510581F2E70350025B589 /* Debug */ = {
			isa = XCBuildConfiguration;
			buildSettings = {
				ALWAYS_SEARCH_USER_PATHS = NO;
				CLANG_ANALYZER_NONNULL = YES;
				CLANG_ANALYZER_NUMBER_OBJECT_CONVERSION = YES_AGGRESSIVE;
				CLANG_CXX_LANGUAGE_STANDARD = "gnu++0x";
				CLANG_CXX_LIBRARY = "libc++";
				CLANG_ENABLE_MODULES = YES;
				CLANG_ENABLE_OBJC_ARC = YES;
				CLANG_WARN_BLOCK_CAPTURE_AUTORELEASING = YES;
				CLANG_WARN_BOOL_CONVERSION = YES;
				CLANG_WARN_COMMA = YES;
				CLANG_WARN_CONSTANT_CONVERSION = YES;
				CLANG_WARN_DIRECT_OBJC_ISA_USAGE = YES_ERROR;
				CLANG_WARN_DOCUMENTATION_COMMENTS = YES;
				CLANG_WARN_EMPTY_BODY = YES;
				CLANG_WARN_ENUM_CONVERSION = YES;
				CLANG_WARN_INFINITE_RECURSION = YES;
				CLANG_WARN_INT_CONVERSION = YES;
				CLANG_WARN_NON_LITERAL_NULL_CONVERSION = YES;
				CLANG_WARN_OBJC_LITERAL_CONVERSION = YES;
				CLANG_WARN_OBJC_ROOT_CLASS = YES_ERROR;
				CLANG_WARN_RANGE_LOOP_ANALYSIS = YES;
				CLANG_WARN_STRICT_PROTOTYPES = YES;
				CLANG_WARN_SUSPICIOUS_MOVE = YES;
				CLANG_WARN_UNREACHABLE_CODE = YES;
				CLANG_WARN__DUPLICATE_METHOD_MATCH = YES;
				"CODE_SIGN_IDENTITY[sdk=iphoneos*]" = "iPhone Developer";
				COPY_PHASE_STRIP = NO;
				DEBUG_INFORMATION_FORMAT = dwarf;
				ENABLE_STRICT_OBJC_MSGSEND = YES;
				ENABLE_TESTABILITY = YES;
				GCC_C_LANGUAGE_STANDARD = gnu99;
				GCC_DYNAMIC_NO_PIC = NO;
				GCC_NO_COMMON_BLOCKS = YES;
				GCC_OPTIMIZATION_LEVEL = 0;
				GCC_PREPROCESSOR_DEFINITIONS = (
					"DEBUG=1",
					"$(inherited)",
				);
				GCC_WARN_64_TO_32_BIT_CONVERSION = YES;
				GCC_WARN_ABOUT_RETURN_TYPE = YES_ERROR;
				GCC_WARN_UNDECLARED_SELECTOR = YES;
				GCC_WARN_UNINITIALIZED_AUTOS = YES_AGGRESSIVE;
				GCC_WARN_UNUSED_FUNCTION = YES;
				GCC_WARN_UNUSED_VARIABLE = YES;
				IPHONEOS_DEPLOYMENT_TARGET = 8.0;
				MTL_ENABLE_DEBUG_INFO = YES;
				ONLY_ACTIVE_ARCH = YES;
				SDKROOT = iphoneos;
			};
			name = Debug;
		};
		0AB510591F2E70350025B589 /* Release */ = {
			isa = XCBuildConfiguration;
			buildSettings = {
				ALWAYS_SEARCH_USER_PATHS = NO;
				CLANG_ANALYZER_NONNULL = YES;
				CLANG_ANALYZER_NUMBER_OBJECT_CONVERSION = YES_AGGRESSIVE;
				CLANG_CXX_LANGUAGE_STANDARD = "gnu++0x";
				CLANG_CXX_LIBRARY = "libc++";
				CLANG_ENABLE_MODULES = YES;
				CLANG_ENABLE_OBJC_ARC = YES;
				CLANG_WARN_BLOCK_CAPTURE_AUTORELEASING = YES;
				CLANG_WARN_BOOL_CONVERSION = YES;
				CLANG_WARN_COMMA = YES;
				CLANG_WARN_CONSTANT_CONVERSION = YES;
				CLANG_WARN_DIRECT_OBJC_ISA_USAGE = YES_ERROR;
				CLANG_WARN_DOCUMENTATION_COMMENTS = YES;
				CLANG_WARN_EMPTY_BODY = YES;
				CLANG_WARN_ENUM_CONVERSION = YES;
				CLANG_WARN_INFINITE_RECURSION = YES;
				CLANG_WARN_INT_CONVERSION = YES;
				CLANG_WARN_NON_LITERAL_NULL_CONVERSION = YES;
				CLANG_WARN_OBJC_LITERAL_CONVERSION = YES;
				CLANG_WARN_OBJC_ROOT_CLASS = YES_ERROR;
				CLANG_WARN_RANGE_LOOP_ANALYSIS = YES;
				CLANG_WARN_STRICT_PROTOTYPES = YES;
				CLANG_WARN_SUSPICIOUS_MOVE = YES;
				CLANG_WARN_UNREACHABLE_CODE = YES;
				CLANG_WARN__DUPLICATE_METHOD_MATCH = YES;
				"CODE_SIGN_IDENTITY[sdk=iphoneos*]" = "iPhone Developer";
				COPY_PHASE_STRIP = NO;
				DEBUG_INFORMATION_FORMAT = "dwarf-with-dsym";
				ENABLE_NS_ASSERTIONS = NO;
				ENABLE_STRICT_OBJC_MSGSEND = YES;
				GCC_C_LANGUAGE_STANDARD = gnu99;
				GCC_NO_COMMON_BLOCKS = YES;
				GCC_WARN_64_TO_32_BIT_CONVERSION = YES;
				GCC_WARN_ABOUT_RETURN_TYPE = YES_ERROR;
				GCC_WARN_UNDECLARED_SELECTOR = YES;
				GCC_WARN_UNINITIALIZED_AUTOS = YES_AGGRESSIVE;
				GCC_WARN_UNUSED_FUNCTION = YES;
				GCC_WARN_UNUSED_VARIABLE = YES;
				IPHONEOS_DEPLOYMENT_TARGET = 8.0;
				MTL_ENABLE_DEBUG_INFO = NO;
				SDKROOT = iphoneos;
				SWIFT_OPTIMIZATION_LEVEL = "-Owholemodule";
				VALIDATE_PRODUCT = YES;
			};
			name = Release;
		};
		0AB5105B1F2E70350025B589 /* Debug */ = {
			isa = XCBuildConfiguration;
			baseConfigurationReference = 86FC3E823DE85702FBA47C3E /* Pods-GoEuro.debug.xcconfig */;
			buildSettings = {
				ASSETCATALOG_COMPILER_APPICON_NAME = AppIcon;
				CLANG_ENABLE_MODULES = YES;
				DEVELOPMENT_TEAM = 2VQ32E4N43;
				INFOPLIST_FILE = GoEuro/Info.plist;
				IPHONEOS_DEPLOYMENT_TARGET = 8.0;
				LD_RUNPATH_SEARCH_PATHS = "$(inherited) @executable_path/Frameworks";
				PRODUCT_BUNDLE_IDENTIFIER = dosipa.GoEuro;
				PRODUCT_NAME = "$(TARGET_NAME)";
				SWIFT_OBJC_BRIDGING_HEADER = "GoEuro/ViewControllers/GoEuro-Bridging-Header.h";
				SWIFT_OPTIMIZATION_LEVEL = "-Onone";
				SWIFT_VERSION = 3.0;
			};
			name = Debug;
		};
		0AB5105C1F2E70350025B589 /* Release */ = {
			isa = XCBuildConfiguration;
			baseConfigurationReference = 5F3C7757DF656D8E5AB6144B /* Pods-GoEuro.release.xcconfig */;
			buildSettings = {
				ASSETCATALOG_COMPILER_APPICON_NAME = AppIcon;
				CLANG_ENABLE_MODULES = YES;
				DEVELOPMENT_TEAM = 2VQ32E4N43;
				INFOPLIST_FILE = GoEuro/Info.plist;
				IPHONEOS_DEPLOYMENT_TARGET = 8.0;
				LD_RUNPATH_SEARCH_PATHS = "$(inherited) @executable_path/Frameworks";
				PRODUCT_BUNDLE_IDENTIFIER = dosipa.GoEuro;
				PRODUCT_NAME = "$(TARGET_NAME)";
				SWIFT_OBJC_BRIDGING_HEADER = "GoEuro/ViewControllers/GoEuro-Bridging-Header.h";
				SWIFT_VERSION = 3.0;
			};
			name = Release;
		};
/* End XCBuildConfiguration section */

/* Begin XCConfigurationList section */
		0AB5103E1F2E70350025B589 /* Build configuration list for PBXProject "GoEuro" */ = {
			isa = XCConfigurationList;
			buildConfigurations = (
				0AB510581F2E70350025B589 /* Debug */,
				0AB510591F2E70350025B589 /* Release */,
			);
			defaultConfigurationIsVisible = 0;
			defaultConfigurationName = Release;
		};
		0AB5105A1F2E70350025B589 /* Build configuration list for PBXNativeTarget "GoEuro" */ = {
			isa = XCConfigurationList;
			buildConfigurations = (
				0AB5105B1F2E70350025B589 /* Debug */,
				0AB5105C1F2E70350025B589 /* Release */,
			);
			defaultConfigurationIsVisible = 0;
			defaultConfigurationName = Release;
		};
/* End XCConfigurationList section */
	};
	rootObject = 0AB5103B1F2E70350025B589 /* Project object */;
}
